
Microsoft Visual Studio Solution File, Format Version 12.00
# Visual Studio 2013
VisualStudioVersion = 12.0.31101.0
MinimumVisualStudioVersion = 10.0.40219.1
Project("{FAE04EC0-301F-11D3-BF4B-00C04F79EFBC}") = "TheRandomNumberService", "TheRandomNumberService\TheRandomNumberService.csproj", "{39420829-C855-4B78-9C9D-4B8F31BC6FEC}"
EndProject
Project("{FAE04EC0-301F-11D3-BF4B-00C04F79EFBC}") = "TheRandomNumberService.Tests", "TheRandomNumberService.Tests\TheRandomNumberService.Tests.csproj", "{C1E0AD8E-9A3C-4312-AF16-BE9B623B3C40}"
EndProject
Global
	GlobalSection(SolutionConfigurationPlatforms) = preSolution
		Debug|Any CPU = Debug|Any CPU
		Release|Any CPU = Release|Any CPU
	EndGlobalSection
	GlobalSection(ProjectConfigurationPlatforms) = postSolution
		{39420829-C855-4B78-9C9D-4B8F31BC6FEC}.Debug|Any CPU.ActiveCfg = Debug|Any CPU
		{39420829-C855-4B78-9C9D-4B8F31BC6FEC}.Debug|Any CPU.Build.0 = Debug|Any CPU
		{39420829-C855-4B78-9C9D-4B8F31BC6FEC}.Release|Any CPU.ActiveCfg = Release|Any CPU
		{39420829-C855-4B78-9C9D-4B8F31BC6FEC}.Release|Any CPU.Build.0 = Release|Any CPU
		{C1E0AD8E-9A3C-4312-AF16-BE9B623B3C40}.Debug|Any CPU.ActiveCfg = Debug|Any CPU
		{C1E0AD8E-9A3C-4312-AF16-BE9B623B3C40}.Debug|Any CPU.Build.0 = Debug|Any CPU
		{C1E0AD8E-9A3C-4312-AF16-BE9B623B3C40}.Release|Any CPU.ActiveCfg = Release|Any CPU
		{C1E0AD8E-9A3C-4312-AF16-BE9B623B3C40}.Release|Any CPU.Build.0 = Release|Any CPU
	EndGlobalSection
	GlobalSection(SolutionProperties) = preSolution
		HideSolutionNode = FALSE
	EndGlobalSection
EndGlobal
